
Microsoft Visual Studio Solution File, Format Version 12.00
# Visual Studio Version 17
VisualStudioVersion = 17.14.36301.6 d17.14
MinimumVisualStudioVersion = 10.0.40219.1
Project("{FAE04EC0-301F-11D3-BF4B-00C04F79EFBC}") = "WebApiUser", "WebApiUser.csproj", "{753005C7-1BB4-4B3D-9714-8F5107C8CE4F}"
EndProject
Global
	GlobalSection(SolutionConfigurationPlatforms) = preSolution
		Debug|Any CPU = Debug|Any CPU
		Release|Any CPU = Release|Any CPU
	EndGlobalSection
	GlobalSection(ProjectConfigurationPlatforms) = postSolution
		{753005C7-1BB4-4B3D-9714-8F5107C8CE4F}.Debug|Any CPU.ActiveCfg = Debug|Any CPU
		{753005C7-1BB4-4B3D-9714-8F5107C8CE4F}.Debug|Any CPU.Build.0 = Debug|Any CPU
		{753005C7-1BB4-4B3D-9714-8F5107C8CE4F}.Release|Any CPU.ActiveCfg = Release|Any CPU
		{753005C7-1BB4-4B3D-9714-8F5107C8CE4F}.Release|Any CPU.Build.0 = Release|Any CPU
	EndGlobalSection
	GlobalSection(SolutionProperties) = preSolution
		HideSolutionNode = FALSE
	EndGlobalSection
	GlobalSection(ExtensibilityGlobals) = postSolution
		SolutionGuid = {627C7AB3-60D7-4AD8-9B71-0F773A7A7947}
	EndGlobalSection
EndGlobal
